
Microsoft Visual Studio Solution File, Format Version 12.00
# Visual Studio Version 17
VisualStudioVersion = 17.14.37027.9 d17.14
MinimumVisualStudioVersion = 10.0.40219.1
Project("{FAE04EC0-301F-11D3-BF4B-00C04F79EFBC}") = "ProiectBI", "ProiectBI\ProiectBI.csproj", "{73F2CA15-F1D3-445C-ACA7-46236970911F}"
EndProject
Global
	GlobalSection(SolutionConfigurationPlatforms) = preSolution
		Debug|Any CPU = Debug|Any CPU
		Release|Any CPU = Release|Any CPU
	EndGlobalSection
	GlobalSection(ProjectConfigurationPlatforms) = postSolution
		{73F2CA15-F1D3-445C-ACA7-46236970911F}.Debug|Any CPU.ActiveCfg = Debug|Any CPU
		{73F2CA15-F1D3-445C-ACA7-46236970911F}.Debug|Any CPU.Build.0 = Debug|Any CPU
		{73F2CA15-F1D3-445C-ACA7-46236970911F}.Release|Any CPU.ActiveCfg = Release|Any CPU
		{73F2CA15-F1D3-445C-ACA7-46236970911F}.Release|Any CPU.Build.0 = Release|Any CPU
	EndGlobalSection
	GlobalSection(SolutionProperties) = preSolution
		HideSolutionNode = FALSE
	EndGlobalSection
	GlobalSection(ExtensibilityGlobals) = postSolution
		SolutionGuid = {B92FB85C-5864-4D1A-90B1-B583CB7F2CCD}
	EndGlobalSection
EndGlobal
